
Microsoft Visual Studio Solution File, Format Version 12.00
# Visual Studio Version 16
VisualStudioVersion = 16.0.31424.327
MinimumVisualStudioVersion = 10.0.40219.1
Project("{9A19103F-16F7-4668-BE54-9A1E7A4F7556}") = "BibliotecaDeClases", "BibliotecaDeClases\BibliotecaDeClases.csproj", "{7AEA4515-3B78-458C-8EAD-6FF26F1E3F72}"
EndProject
Project("{FAE04EC0-301F-11D3-BF4B-00C04F79EFBC}") = "Consola", "Consola\Consola.csproj", "{7B2F636F-FF46-4BF9-8C79-741C1B750BEE}"
EndProject
Global
	GlobalSection(SolutionConfigurationPlatforms) = preSolution
		Debug|Any CPU = Debug|Any CPU
		Release|Any CPU = Release|Any CPU
	EndGlobalSection
	GlobalSection(ProjectConfigurationPlatforms) = postSolution
		{7AEA4515-3B78-458C-8EAD-6FF26F1E3F72}.Debug|Any CPU.ActiveCfg = Debug|Any CPU
		{7AEA4515-3B78-458C-8EAD-6FF26F1E3F72}.Debug|Any CPU.Build.0 = Debug|Any CPU
		{7AEA4515-3B78-458C-8EAD-6FF26F1E3F72}.Release|Any CPU.ActiveCfg = Release|Any CPU
		{7AEA4515-3B78-458C-8EAD-6FF26F1E3F72}.Release|Any CPU.Build.0 = Release|Any CPU
		{7B2F636F-FF46-4BF9-8C79-741C1B750BEE}.Debug|Any CPU.ActiveCfg = Debug|Any CPU
		{7B2F636F-FF46-4BF9-8C79-741C1B750BEE}.Debug|Any CPU.Build.0 = Debug|Any CPU
		{7B2F636F-FF46-4BF9-8C79-741C1B750BEE}.Release|Any CPU.ActiveCfg = Release|Any CPU
		{7B2F636F-FF46-4BF9-8C79-741C1B750BEE}.Release|Any CPU.Build.0 = Release|Any CPU
	EndGlobalSection
	GlobalSection(SolutionProperties) = preSolution
		HideSolutionNode = FALSE
	EndGlobalSection
	GlobalSection(ExtensibilityGlobals) = postSolution
		SolutionGuid = {951209BE-5A17-499F-90C1-45EE751E29E2}
	EndGlobalSection
EndGlobal
